
Microsoft Visual Studio Solution File, Format Version 12.00
# Visual Studio Version 17
VisualStudioVersion = 17.10.35013.160
MinimumVisualStudioVersion = 10.0.40219.1
Project("{FAE04EC0-301F-11D3-BF4B-00C04F79EFBC}") = "Exceptionss", "Exceptionss.csproj", "{5CC3D66A-42EE-47F3-BFCA-7227E889EE43}"
EndProject
Global
	GlobalSection(SolutionConfigurationPlatforms) = preSolution
		Debug|Any CPU = Debug|Any CPU
		Release|Any CPU = Release|Any CPU
	EndGlobalSection
	GlobalSection(ProjectConfigurationPlatforms) = postSolution
		{5CC3D66A-42EE-47F3-BFCA-7227E889EE43}.Debug|Any CPU.ActiveCfg = Debug|Any CPU
		{5CC3D66A-42EE-47F3-BFCA-7227E889EE43}.Debug|Any CPU.Build.0 = Debug|Any CPU
		{5CC3D66A-42EE-47F3-BFCA-7227E889EE43}.Release|Any CPU.ActiveCfg = Release|Any CPU
		{5CC3D66A-42EE-47F3-BFCA-7227E889EE43}.Release|Any CPU.Build.0 = Release|Any CPU
	EndGlobalSection
	GlobalSection(SolutionProperties) = preSolution
		HideSolutionNode = FALSE
	EndGlobalSection
	GlobalSection(ExtensibilityGlobals) = postSolution
		SolutionGuid = {A8CE8920-CF2C-4700-B4E3-6569823C1325}
	EndGlobalSection
EndGlobal
